
Microsoft Visual Studio Solution File, Format Version 12.00
# Visual Studio 14
VisualStudioVersion = 14.0.23107.0
MinimumVisualStudioVersion = 10.0.40219.1
Project("{FAE04EC0-301F-11D3-BF4B-00C04F79EFBC}") = "TagCloud", "TagCloud\TagCloud.csproj", "{CDB32093-4BED-484D-9CB8-FA53B3E2D8BD}"
EndProject
Project("{FAE04EC0-301F-11D3-BF4B-00C04F79EFBC}") = "TagCloudTests", "TagCloudTests\TagCloudTests.csproj", "{D6B77C64-906F-4278-A0B5-043F001F28F2}"
EndProject
Global
	GlobalSection(SolutionConfigurationPlatforms) = preSolution
		Debug|Any CPU = Debug|Any CPU
		Release|Any CPU = Release|Any CPU
	EndGlobalSection
	GlobalSection(ProjectConfigurationPlatforms) = postSolution
		{CDB32093-4BED-484D-9CB8-FA53B3E2D8BD}.Debug|Any CPU.ActiveCfg = Debug|Any CPU
		{CDB32093-4BED-484D-9CB8-FA53B3E2D8BD}.Debug|Any CPU.Build.0 = Debug|Any CPU
		{CDB32093-4BED-484D-9CB8-FA53B3E2D8BD}.Release|Any CPU.ActiveCfg = Release|Any CPU
		{CDB32093-4BED-484D-9CB8-FA53B3E2D8BD}.Release|Any CPU.Build.0 = Release|Any CPU
		{D6B77C64-906F-4278-A0B5-043F001F28F2}.Debug|Any CPU.ActiveCfg = Debug|Any CPU
		{D6B77C64-906F-4278-A0B5-043F001F28F2}.Debug|Any CPU.Build.0 = Debug|Any CPU
		{D6B77C64-906F-4278-A0B5-043F001F28F2}.Release|Any CPU.ActiveCfg = Release|Any CPU
		{D6B77C64-906F-4278-A0B5-043F001F28F2}.Release|Any CPU.Build.0 = Release|Any CPU
	EndGlobalSection
	GlobalSection(SolutionProperties) = preSolution
		HideSolutionNode = FALSE
	EndGlobalSection
EndGlobal
